<?xml version="1.0" encoding="utf-8"?>
<Project ToolsVersion="4.0" xmlns="http://schemas.microsoft.com/developer/msbuild/2003">
  <ItemGroup>
    <Filter Include="Quelldateien">
      <UniqueIdentifier>{4FC737F1-C7A5-4376-A066-2A32D752A2FF}</UniqueIdentifier>
      <Extensions>cpp;c;cc;cxx;def;odl;idl;hpj;bat;asm;asmx</Extensions>
    </Filter>
    <Filter Include="Headerdateien">
      <UniqueIdentifier>{93995380-89BD-4b04-88EB-625FBE52EBFB}</UniqueIdentifier>
      <Extensions>h;hpp;hxx;hm;inl;inc;xsd</Extensions>
    </Filter>
    <Filter Include="Ressourcendateien">
      <UniqueIdentifier>{67DA6AB6-F800-4c08-8B7A-83BB121AAD01}</UniqueIdentifier>
      <Extensions>rc;ico;cur;bmp;dlg;rc2;rct;bin;rgs;gif;jpg;jpeg;jpe;resx;tiff;tif;png;wav;mfcribbon-ms</Extensions>
    </Filter>
  </ItemGroup>
  <ItemGroup>
    <ClCompile Include="main.cpp">
      <Filter>Quelldateien</Filter>
    </ClCompile>
    <ClCompile Include="Shaderloader.cpp">
      <Filter>Quelldateien</Filter>
    </ClCompile>
    <ClCompile Include="Modell.cpp">
      <Filter>Quelldateien</Filter>
    </ClCompile>
    <ClCompile Include="Kamera.cpp">
      <Filter>Quelldateien</Filter>
    </ClCompile>
    <ClCompile Include="Texture.cpp">
      <Filter>Quelldateien</Filter>
    </ClCompile>
    <ClCompile Include="DirectionalLight.cpp">
      <Filter>Quelldateien</Filter>
    </ClCompile>
    <ClCompile Include="Player.cpp">
      <Filter>Quelldateien</Filter>
    </ClCompile>
    <ClCompile Include="ThrowAble.cpp">
      <Filter>Quelldateien</Filter>
    </ClCompile>
    <ClCompile Include="texture2D.cpp">
      <Filter>Quelldateien</Filter>
    </ClCompile>
    <ClCompile Include="text2D.cpp">
      <Filter>Quelldateien</Filter>
    </ClCompile>
    <ClCompile Include="Waterplane.cpp">
      <Filter>Quelldateien</Filter>
    </ClCompile>
    <ClCompile Include="Partikelsystem.cpp">
      <Filter>Quelldateien</Filter>
    </ClCompile>
    <ClCompile Include="AABox.cpp">
      <Filter>Quelldateien</Filter>
    </ClCompile>
    <ClCompile Include="FrustumG.cpp">
      <Filter>Quelldateien</Filter>
    </ClCompile>
    <ClCompile Include="Plane.cpp">
      <Filter>Quelldateien</Filter>
    </ClCompile>
    <ClCompile Include="SBtexture.cpp">
      <Filter>Quelldateien</Filter>
    </ClCompile>
    <ClCompile Include="skybox.cpp">
      <Filter>Quelldateien</Filter>
    </ClCompile>
    <ClCompile Include="vertexBufferObject.cpp">
      <Filter>Quelldateien</Filter>
    </ClCompile>
  </ItemGroup>
  <ItemGroup>
    <ClInclude Include="Shaderloader.h">
      <Filter>Headerdateien</Filter>
    </ClInclude>
    <ClInclude Include="Modell.h">
      <Filter>Headerdateien</Filter>
    </ClInclude>
    <ClInclude Include="Kamera.h">
      <Filter>Headerdateien</Filter>
    </ClInclude>
    <ClInclude Include="Texture.h">
      <Filter>Headerdateien</Filter>
    </ClInclude>
    <ClInclude Include="DirectionalLight.h">
      <Filter>Headerdateien</Filter>
    </ClInclude>
    <ClInclude Include="Player.h">
      <Filter>Headerdateien</Filter>
    </ClInclude>
    <ClInclude Include="ThrowAble.h">
      <Filter>Headerdateien</Filter>
    </ClInclude>
    <ClInclude Include="texture2D.h">
      <Filter>Headerdateien</Filter>
    </ClInclude>
    <ClInclude Include="text2D.h">
      <Filter>Headerdateien</Filter>
    </ClInclude>
    <ClInclude Include="Waterplane.h">
      <Filter>Headerdateien</Filter>
    </ClInclude>
    <ClInclude Include="Partikelsystem.h">
      <Filter>Headerdateien</Filter>
    </ClInclude>
    <ClInclude Include="AABox.h">
      <Filter>Headerdateien</Filter>
    </ClInclude>
    <ClInclude Include="FrustumG.h">
      <Filter>Headerdateien</Filter>
    </ClInclude>
    <ClInclude Include="Plane.h">
      <Filter>Headerdateien</Filter>
    </ClInclude>
    <ClInclude Include="SBtexture.h">
      <Filter>Headerdateien</Filter>
    </ClInclude>
    <ClInclude Include="skybox.h">
      <Filter>Headerdateien</Filter>
    </ClInclude>
    <ClInclude Include="vertexBufferObject.h">
      <Filter>Headerdateien</Filter>
    </ClInclude>
  </ItemGroup>
</Project>